
Microsoft Visual Studio Solution File, Format Version 12.00
# Visual Studio Version 16
VisualStudioVersion = 16.0.29806.167
MinimumVisualStudioVersion = 10.0.40219.1
Project("{FAE04EC0-301F-11D3-BF4B-00C04F79EFBC}") = "NetAdvancedLiveCoding.Threading.2020.04", "NetAdvancedLiveCoding.Threading.2020.04\NetAdvancedLiveCoding.Threading.2020.04.csproj", "{8E8C2370-455F-4F55-816A-C1457FA4CB9D}"
EndProject
Project("{FAE04EC0-301F-11D3-BF4B-00C04F79EFBC}") = "ForAbort", "ForAbort\ForAbort.csproj", "{11CA4A87-685E-4F42-9313-612B06CDFA7F}"
EndProject
Global
	GlobalSection(SolutionConfigurationPlatforms) = preSolution
		Debug|Any CPU = Debug|Any CPU
		Release|Any CPU = Release|Any CPU
	EndGlobalSection
	GlobalSection(ProjectConfigurationPlatforms) = postSolution
		{8E8C2370-455F-4F55-816A-C1457FA4CB9D}.Debug|Any CPU.ActiveCfg = Debug|Any CPU
		{8E8C2370-455F-4F55-816A-C1457FA4CB9D}.Debug|Any CPU.Build.0 = Debug|Any CPU
		{8E8C2370-455F-4F55-816A-C1457FA4CB9D}.Release|Any CPU.ActiveCfg = Release|Any CPU
		{8E8C2370-455F-4F55-816A-C1457FA4CB9D}.Release|Any CPU.Build.0 = Release|Any CPU
		{11CA4A87-685E-4F42-9313-612B06CDFA7F}.Debug|Any CPU.ActiveCfg = Debug|Any CPU
		{11CA4A87-685E-4F42-9313-612B06CDFA7F}.Debug|Any CPU.Build.0 = Debug|Any CPU
		{11CA4A87-685E-4F42-9313-612B06CDFA7F}.Release|Any CPU.ActiveCfg = Release|Any CPU
		{11CA4A87-685E-4F42-9313-612B06CDFA7F}.Release|Any CPU.Build.0 = Release|Any CPU
	EndGlobalSection
	GlobalSection(SolutionProperties) = preSolution
		HideSolutionNode = FALSE
	EndGlobalSection
	GlobalSection(ExtensibilityGlobals) = postSolution
		SolutionGuid = {6D6C8B13-D2CC-404D-B993-84D05C9A891E}
	EndGlobalSection
EndGlobal
