
Microsoft Visual Studio Solution File, Format Version 12.00
# Visual Studio Version 16
VisualStudioVersion = 16.0.29806.167
MinimumVisualStudioVersion = 10.0.40219.1
Project("{FAE04EC0-301F-11D3-BF4B-00C04F79EFBC}") = "NetAdvancedLiveCoding.Benchmarking.2020.05", "NetAdvancedLiveCoding.Benchmarking.2020.05\NetAdvancedLiveCoding.Benchmarking.2020.05.csproj", "{1A533080-39C3-4EDF-9490-BACE8B0D7FF8}"
EndProject
Global
	GlobalSection(SolutionConfigurationPlatforms) = preSolution
		Debug|Any CPU = Debug|Any CPU
		Release|Any CPU = Release|Any CPU
	EndGlobalSection
	GlobalSection(ProjectConfigurationPlatforms) = postSolution
		{1A533080-39C3-4EDF-9490-BACE8B0D7FF8}.Debug|Any CPU.ActiveCfg = Debug|Any CPU
		{1A533080-39C3-4EDF-9490-BACE8B0D7FF8}.Debug|Any CPU.Build.0 = Debug|Any CPU
		{1A533080-39C3-4EDF-9490-BACE8B0D7FF8}.Release|Any CPU.ActiveCfg = Release|Any CPU
		{1A533080-39C3-4EDF-9490-BACE8B0D7FF8}.Release|Any CPU.Build.0 = Release|Any CPU
	EndGlobalSection
	GlobalSection(SolutionProperties) = preSolution
		HideSolutionNode = FALSE
	EndGlobalSection
	GlobalSection(ExtensibilityGlobals) = postSolution
		SolutionGuid = {19B491B9-2C04-4263-BDAE-C6E097149999}
	EndGlobalSection
EndGlobal
