
Microsoft Visual Studio Solution File, Format Version 12.00
# Visual Studio Version 16
VisualStudioVersion = 16.0.29806.167
MinimumVisualStudioVersion = 10.0.40219.1
Project("{FAE04EC0-301F-11D3-BF4B-00C04F79EFBC}") = "NetAdvancedLiveCoding.2020.01", "NetAdvancedLiveCoding.2020.01\NetAdvancedLiveCoding.2020.01.csproj", "{BE16B4E1-DD60-4B8D-8EEB-DD93BF7917F4}"
EndProject
Global
	GlobalSection(SolutionConfigurationPlatforms) = preSolution
		Debug|Any CPU = Debug|Any CPU
		Release|Any CPU = Release|Any CPU
	EndGlobalSection
	GlobalSection(ProjectConfigurationPlatforms) = postSolution
		{BE16B4E1-DD60-4B8D-8EEB-DD93BF7917F4}.Debug|Any CPU.ActiveCfg = Debug|Any CPU
		{BE16B4E1-DD60-4B8D-8EEB-DD93BF7917F4}.Debug|Any CPU.Build.0 = Debug|Any CPU
		{BE16B4E1-DD60-4B8D-8EEB-DD93BF7917F4}.Release|Any CPU.ActiveCfg = Release|Any CPU
		{BE16B4E1-DD60-4B8D-8EEB-DD93BF7917F4}.Release|Any CPU.Build.0 = Release|Any CPU
	EndGlobalSection
	GlobalSection(SolutionProperties) = preSolution
		HideSolutionNode = FALSE
	EndGlobalSection
	GlobalSection(ExtensibilityGlobals) = postSolution
		SolutionGuid = {EF2998BB-5AC3-4CB0-9238-BEA0D2F915E8}
	EndGlobalSection
EndGlobal
