
Microsoft Visual Studio Solution File, Format Version 12.00
# Visual Studio Version 16
VisualStudioVersion = 16.0.29806.167
MinimumVisualStudioVersion = 10.0.40219.1
Project("{FAE04EC0-301F-11D3-BF4B-00C04F79EFBC}") = "NetUnderTheHood2021.1", "NetUnderTheHood2021.1\NetUnderTheHood2021.1.csproj", "{278CECD0-7FC6-49AA-9235-AA1F01883882}"
EndProject
Global
	GlobalSection(SolutionConfigurationPlatforms) = preSolution
		Debug|Any CPU = Debug|Any CPU
		Release|Any CPU = Release|Any CPU
	EndGlobalSection
	GlobalSection(ProjectConfigurationPlatforms) = postSolution
		{278CECD0-7FC6-49AA-9235-AA1F01883882}.Debug|Any CPU.ActiveCfg = Debug|Any CPU
		{278CECD0-7FC6-49AA-9235-AA1F01883882}.Debug|Any CPU.Build.0 = Debug|Any CPU
		{278CECD0-7FC6-49AA-9235-AA1F01883882}.Release|Any CPU.ActiveCfg = Release|Any CPU
		{278CECD0-7FC6-49AA-9235-AA1F01883882}.Release|Any CPU.Build.0 = Release|Any CPU
	EndGlobalSection
	GlobalSection(SolutionProperties) = preSolution
		HideSolutionNode = FALSE
	EndGlobalSection
	GlobalSection(ExtensibilityGlobals) = postSolution
		SolutionGuid = {1C714DA4-AF4B-4B84-BE5E-042C1050FC03}
	EndGlobalSection
EndGlobal
